
Microsoft Visual Studio Solution File, Format Version 12.00
# Visual Studio 15
VisualStudioVersion = 15.0.28010.2041
MinimumVisualStudioVersion = 10.0.40219.1
Project("{FAE04EC0-301F-11D3-BF4B-00C04F79EFBC}") = "JoseMontoya-BankProject", "JoseMontoya-BankProject\JoseMontoya-BankProject.csproj", "{4B967DB2-29EA-4670-8960-B450BA15FF11}"
EndProject
Global
	GlobalSection(SolutionConfigurationPlatforms) = preSolution
		Debug|Any CPU = Debug|Any CPU
		Release|Any CPU = Release|Any CPU
	EndGlobalSection
	GlobalSection(ProjectConfigurationPlatforms) = postSolution
		{4B967DB2-29EA-4670-8960-B450BA15FF11}.Debug|Any CPU.ActiveCfg = Debug|Any CPU
		{4B967DB2-29EA-4670-8960-B450BA15FF11}.Debug|Any CPU.Build.0 = Debug|Any CPU
		{4B967DB2-29EA-4670-8960-B450BA15FF11}.Release|Any CPU.ActiveCfg = Release|Any CPU
		{4B967DB2-29EA-4670-8960-B450BA15FF11}.Release|Any CPU.Build.0 = Release|Any CPU
	EndGlobalSection
	GlobalSection(SolutionProperties) = preSolution
		HideSolutionNode = FALSE
	EndGlobalSection
	GlobalSection(ExtensibilityGlobals) = postSolution
		SolutionGuid = {58C5AB30-706D-45FE-9B6F-CBCBA3C73CF4}
	EndGlobalSection
EndGlobal
